
Microsoft Visual Studio Solution File, Format Version 12.00
# Visual Studio Version 17
VisualStudioVersion = 17.7.34009.444
MinimumVisualStudioVersion = 10.0.40219.1
Project("{FAE04EC0-301F-11D3-BF4B-00C04F79EFBC}") = "WpfApp2", "WpfApp2\WpfApp2.csproj", "{EDC1FC54-98F8-4F01-8806-548545AD9E06}"
EndProject
Global
	GlobalSection(SolutionConfigurationPlatforms) = preSolution
		Debug|Any CPU = Debug|Any CPU
		Release|Any CPU = Release|Any CPU
	EndGlobalSection
	GlobalSection(ProjectConfigurationPlatforms) = postSolution
		{EDC1FC54-98F8-4F01-8806-548545AD9E06}.Debug|Any CPU.ActiveCfg = Debug|Any CPU
		{EDC1FC54-98F8-4F01-8806-548545AD9E06}.Debug|Any CPU.Build.0 = Debug|Any CPU
		{EDC1FC54-98F8-4F01-8806-548545AD9E06}.Release|Any CPU.ActiveCfg = Release|Any CPU
		{EDC1FC54-98F8-4F01-8806-548545AD9E06}.Release|Any CPU.Build.0 = Release|Any CPU
	EndGlobalSection
	GlobalSection(SolutionProperties) = preSolution
		HideSolutionNode = FALSE
	EndGlobalSection
	GlobalSection(ExtensibilityGlobals) = postSolution
		SolutionGuid = {C1F9900E-AA70-489E-BF98-C866C6C30ACB}
	EndGlobalSection
EndGlobal
